// !$*UTF8*$!
{
	archiveVersion = 1;
	classes = {
	};
	objectVersion = 56;
	objects = {

/* Begin PBXBuildFile section */
		D86EF27B2A48EE25008B3E88 /* HomeView.swift in Sources */ = {isa = PBXBuildFile; fileRef = D86EF27A2A48EE25008B3E88 /* HomeView.swift */; };
		D86EF2832A48F07F008B3E88 /* GameView.swift in Sources */ = {isa = PBXBuildFile; fileRef = D86EF2822A48F07F008B3E88 /* GameView.swift */; };
		D86EF2872A48F0A1008B3E88 /* TutorialView.swift in Sources */ = {isa = PBXBuildFile; fileRef = D86EF2862A48F0A1008B3E88 /* TutorialView.swift */; };
		D86EF2892A48F2CB008B3E88 /* LeaderboardView.swift in Sources */ = {isa = PBXBuildFile; fileRef = D86EF2882A48F2CB008B3E88 /* LeaderboardView.swift */; };
		D86EF2912A493F0A008B3E88 /* GameModel.swift in Sources */ = {isa = PBXBuildFile; fileRef = D86EF2902A493F0A008B3E88 /* GameModel.swift */; };
		D86EF2932A494C73008B3E88 /* GameSetupView.swift in Sources */ = {isa = PBXBuildFile; fileRef = D86EF2922A494C73008B3E88 /* GameSetupView.swift */; };
		D8D9196F2A48E68F0067DBDC /* UltimateTTTApp.swift in Sources */ = {isa = PBXBuildFile; fileRef = D8D9196E2A48E68F0067DBDC /* UltimateTTTApp.swift */; };
		D8D919712A48E68F0067DBDC /* ContentView.swift in Sources */ = {isa = PBXBuildFile; fileRef = D8D919702A48E68F0067DBDC /* ContentView.swift */; };
		D8D919732A48E6910067DBDC /* Assets.xcassets in Resources */ = {isa = PBXBuildFile; fileRef = D8D919722A48E6910067DBDC /* Assets.xcassets */; };
		D8D919762A48E6910067DBDC /* Preview Assets.xcassets in Resources */ = {isa = PBXBuildFile; fileRef = D8D919752A48E6910067DBDC /* Preview Assets.xcassets */; };
		D8FEFD252A5744E8002B7C76 /* GameBoardView.swift in Sources */ = {isa = PBXBuildFile; fileRef = D8FEFD242A5744E8002B7C76 /* GameBoardView.swift */; };
/* End PBXBuildFile section */

/* Begin PBXFileReference section */
		D86EF27A2A48EE25008B3E88 /* HomeView.swift */ = {isa = PBXFileReference; lastKnownFileType = sourcecode.swift; path = HomeView.swift; sourceTree = "<group>"; };
		D86EF2822A48F07F008B3E88 /* GameView.swift */ = {isa = PBXFileReference; lastKnownFileType = sourcecode.swift; path = GameView.swift; sourceTree = "<group>"; };
		D86EF2862A48F0A1008B3E88 /* TutorialView.swift */ = {isa = PBXFileReference; lastKnownFileType = sourcecode.swift; path = TutorialView.swift; sourceTree = "<group>"; };
		D86EF2882A48F2CB008B3E88 /* LeaderboardView.swift */ = {isa = PBXFileReference; lastKnownFileType = sourcecode.swift; path = LeaderboardView.swift; sourceTree = "<group>"; };
		D86EF2902A493F0A008B3E88 /* GameModel.swift */ = {isa = PBXFileReference; lastKnownFileType = sourcecode.swift; path = GameModel.swift; sourceTree = "<group>"; };
		D86EF2922A494C73008B3E88 /* GameSetupView.swift */ = {isa = PBXFileReference; lastKnownFileType = sourcecode.swift; path = GameSetupView.swift; sourceTree = "<group>"; };
		D8D9196B2A48E68F0067DBDC /* UltimateTTT.app */ = {isa = PBXFileReference; explicitFileType = wrapper.application; includeInIndex = 0; path = UltimateTTT.app; sourceTree = BUILT_PRODUCTS_DIR; };
		D8D9196E2A48E68F0067DBDC /* UltimateTTTApp.swift */ = {isa = PBXFileReference; lastKnownFileType = sourcecode.swift; path = UltimateTTTApp.swift; sourceTree = "<group>"; };
		D8D919702A48E68F0067DBDC /* ContentView.swift */ = {isa = PBXFileReference; lastKnownFileType = sourcecode.swift; path = ContentView.swift; sourceTree = "<group>"; };
		D8D919722A48E6910067DBDC /* Assets.xcassets */ = {isa = PBXFileReference; lastKnownFileType = folder.assetcatalog; path = Assets.xcassets; sourceTree = "<group>"; };
		D8D919752A48E6910067DBDC /* Preview Assets.xcassets */ = {isa = PBXFileReference; lastKnownFileType = folder.assetcatalog; path = "Preview Assets.xcassets"; sourceTree = "<group>"; };
		D8FEFD242A5744E8002B7C76 /* GameBoardView.swift */ = {isa = PBXFileReference; lastKnownFileType = sourcecode.swift; path = GameBoardView.swift; sourceTree = "<group>"; };
/* End PBXFileReference section */

/* Begin PBXFrameworksBuildPhase section */
		D8D919682A48E68F0067DBDC /* Frameworks */ = {
			isa = PBXFrameworksBuildPhase;
			buildActionMask = 2147483647;
			files = (
			);
			runOnlyForDeploymentPostprocessing = 0;
		};
/* End PBXFrameworksBuildPhase section */

/* Begin PBXGroup section */
		D86EF2782A48EE0D008B3E88 /* Home */ = {
			isa = PBXGroup;
			children = (
				D86EF2792A48EE11008B3E88 /* Views */,
			);
			path = Home;
			sourceTree = "<group>";
		};
		D86EF2792A48EE11008B3E88 /* Views */ = {
			isa = PBXGroup;
			children = (
				D86EF27A2A48EE25008B3E88 /* HomeView.swift */,
				D86EF2882A48F2CB008B3E88 /* LeaderboardView.swift */,
			);
			path = Views;
			sourceTree = "<group>";
		};
		D86EF2802A48F06A008B3E88 /* Game */ = {
			isa = PBXGroup;
			children = (
				D86EF28F2A493F01008B3E88 /* Model */,
				D86EF2812A48F078008B3E88 /* Views */,
			);
			path = Game;
			sourceTree = "<group>";
		};
		D86EF2812A48F078008B3E88 /* Views */ = {
			isa = PBXGroup;
			children = (
				D86EF2822A48F07F008B3E88 /* GameView.swift */,
				D86EF2922A494C73008B3E88 /* GameSetupView.swift */,
				D8FEFD242A5744E8002B7C76 /* GameBoardView.swift */,
			);
			path = Views;
			sourceTree = "<group>";
		};
		D86EF2842A48F091008B3E88 /* Tutorial */ = {
			isa = PBXGroup;
			children = (
				D86EF2852A48F096008B3E88 /* Views */,
			);
			path = Tutorial;
			sourceTree = "<group>";
		};
		D86EF2852A48F096008B3E88 /* Views */ = {
			isa = PBXGroup;
			children = (
				D86EF2862A48F0A1008B3E88 /* TutorialView.swift */,
			);
			path = Views;
			sourceTree = "<group>";
		};
		D86EF28F2A493F01008B3E88 /* Model */ = {
			isa = PBXGroup;
			children = (
				D86EF2902A493F0A008B3E88 /* GameModel.swift */,
			);
			path = Model;
			sourceTree = "<group>";
		};
		D8D919622A48E68F0067DBDC = {
			isa = PBXGroup;
			children = (
				D8D9196D2A48E68F0067DBDC /* UltimateTTT */,
				D8D9196C2A48E68F0067DBDC /* Products */,
			);
			sourceTree = "<group>";
		};
		D8D9196C2A48E68F0067DBDC /* Products */ = {
			isa = PBXGroup;
			children = (
				D8D9196B2A48E68F0067DBDC /* UltimateTTT.app */,
			);
			name = Products;
			sourceTree = "<group>";
		};
		D8D9196D2A48E68F0067DBDC /* UltimateTTT */ = {
			isa = PBXGroup;
			children = (
				D8D9197C2A48E6980067DBDC /* Scenes */,
				D8D9196E2A48E68F0067DBDC /* UltimateTTTApp.swift */,
				D8D919722A48E6910067DBDC /* Assets.xcassets */,
				D8D919742A48E6910067DBDC /* Preview Content */,
			);
			path = UltimateTTT;
			sourceTree = "<group>";
		};
		D8D919742A48E6910067DBDC /* Preview Content */ = {
			isa = PBXGroup;
			children = (
				D8D919752A48E6910067DBDC /* Preview Assets.xcassets */,
			);
			path = "Preview Content";
			sourceTree = "<group>";
		};
		D8D9197C2A48E6980067DBDC /* Scenes */ = {
			isa = PBXGroup;
			children = (
				D86EF2782A48EE0D008B3E88 /* Home */,
				D86EF2802A48F06A008B3E88 /* Game */,
				D86EF2842A48F091008B3E88 /* Tutorial */,
				D8D919702A48E68F0067DBDC /* ContentView.swift */,
			);
			path = Scenes;
			sourceTree = "<group>";
		};
/* End PBXGroup section */

/* Begin PBXNativeTarget section */
		D8D9196A2A48E68F0067DBDC /* UltimateTTT */ = {
			isa = PBXNativeTarget;
			buildConfigurationList = D8D919792A48E6910067DBDC /* Build configuration list for PBXNativeTarget "UltimateTTT" */;
			buildPhases = (
				D8D919672A48E68F0067DBDC /* Sources */,
				D8D919682A48E68F0067DBDC /* Frameworks */,
				D8D919692A48E68F0067DBDC /* Resources */,
			);
			buildRules = (
			);
			dependencies = (
			);
			name = UltimateTTT;
			productName = UltimateTTT;
			productReference = D8D9196B2A48E68F0067DBDC /* UltimateTTT.app */;
			productType = "com.apple.product-type.application";
		};
/* End PBXNativeTarget section */

/* Begin PBXProject section */
		D8D919632A48E68F0067DBDC /* Project object */ = {
			isa = PBXProject;
			attributes = {
				BuildIndependentTargetsInParallel = 1;
				LastSwiftUpdateCheck = 1430;
				LastUpgradeCheck = 1430;
				TargetAttributes = {
					D8D9196A2A48E68F0067DBDC = {
						CreatedOnToolsVersion = 14.3.1;
					};
				};
			};
			buildConfigurationList = D8D919662A48E68F0067DBDC /* Build configuration list for PBXProject "UltimateTTT" */;
			compatibilityVersion = "Xcode 14.0";
			developmentRegion = en;
			hasScannedForEncodings = 0;
			knownRegions = (
				en,
				Base,
			);
			mainGroup = D8D919622A48E68F0067DBDC;
			productRefGroup = D8D9196C2A48E68F0067DBDC /* Products */;
			projectDirPath = "";
			projectRoot = "";
			targets = (
				D8D9196A2A48E68F0067DBDC /* UltimateTTT */,
			);
		};
/* End PBXProject section */

/* Begin PBXResourcesBuildPhase section */
		D8D919692A48E68F0067DBDC /* Resources */ = {
			isa = PBXResourcesBuildPhase;
			buildActionMask = 2147483647;
			files = (
				D8D919762A48E6910067DBDC /* Preview Assets.xcassets in Resources */,
				D8D919732A48E6910067DBDC /* Assets.xcassets in Resources */,
			);
			runOnlyForDeploymentPostprocessing = 0;
		};
/* End PBXResourcesBuildPhase section */

/* Begin PBXSourcesBuildPhase section */
		D8D919672A48E68F0067DBDC /* Sources */ = {
			isa = PBXSourcesBuildPhase;
			buildActionMask = 2147483647;
			files = (
				D86EF27B2A48EE25008B3E88 /* HomeView.swift in Sources */,
				D86EF2872A48F0A1008B3E88 /* TutorialView.swift in Sources */,
				D86EF2892A48F2CB008B3E88 /* LeaderboardView.swift in Sources */,
				D86EF2932A494C73008B3E88 /* GameSetupView.swift in Sources */,
				D8D919712A48E68F0067DBDC /* ContentView.swift in Sources */,
				D8FEFD252A5744E8002B7C76 /* GameBoardView.swift in Sources */,
				D86EF2912A493F0A008B3E88 /* GameModel.swift in Sources */,
				D8D9196F2A48E68F0067DBDC /* UltimateTTTApp.swift in Sources */,
				D86EF2832A48F07F008B3E88 /* GameView.swift in Sources */,
			);
			runOnlyForDeploymentPostprocessing = 0;
		};
/* End PBXSourcesBuildPhase section */

/* Begin XCBuildConfiguration section */
		D8D919772A48E6910067DBDC /* Debug */ = {
			isa = XCBuildConfiguration;
			buildSettings = {
				ALWAYS_SEARCH_USER_PATHS = NO;
				CLANG_ANALYZER_NONNULL = YES;
				CLANG_ANALYZER_NUMBER_OBJECT_CONVERSION = YES_AGGRESSIVE;
				CLANG_CXX_LANGUAGE_STANDARD = "gnu++20";
				CLANG_ENABLE_MODULES = YES;
				CLANG_ENABLE_OBJC_ARC = YES;
				CLANG_ENABLE_OBJC_WEAK = YES;
				CLANG_WARN_BLOCK_CAPTURE_AUTORELEASING = YES;
				CLANG_WARN_BOOL_CONVERSION = YES;
				CLANG_WARN_COMMA = YES;
				CLANG_WARN_CONSTANT_CONVERSION = YES;
				CLANG_WARN_DEPRECATED_OBJC_IMPLEMENTATIONS = YES;
				CLANG_WARN_DIRECT_OBJC_ISA_USAGE = YES_ERROR;
				CLANG_WARN_DOCUMENTATION_COMMENTS = YES;
				CLANG_WARN_EMPTY_BODY = YES;
				CLANG_WARN_ENUM_CONVERSION = YES;
				CLANG_WARN_INFINITE_RECURSION = YES;
				CLANG_WARN_INT_CONVERSION = YES;
				CLANG_WARN_NON_LITERAL_NULL_CONVERSION = YES;
				CLANG_WARN_OBJC_IMPLICIT_RETAIN_SELF = YES;
				CLANG_WARN_OBJC_LITERAL_CONVERSION = YES;
				CLANG_WARN_OBJC_ROOT_CLASS = YES_ERROR;
				CLANG_WARN_QUOTED_INCLUDE_IN_FRAMEWORK_HEADER = YES;
				CLANG_WARN_RANGE_LOOP_ANALYSIS = YES;
				CLANG_WARN_STRICT_PROTOTYPES = YES;
				CLANG_WARN_SUSPICIOUS_MOVE = YES;
				CLANG_WARN_UNGUARDED_AVAILABILITY = YES_AGGRESSIVE;
				CLANG_WARN_UNREACHABLE_CODE = YES;
				CLANG_WARN__DUPLICATE_METHOD_MATCH = YES;
				COPY_PHASE_STRIP = NO;
				DEBUG_INFORMATION_FORMAT = dwarf;
				ENABLE_STRICT_OBJC_MSGSEND = YES;
				ENABLE_TESTABILITY = YES;
				GCC_C_LANGUAGE_STANDARD = gnu11;
				GCC_DYNAMIC_NO_PIC = NO;
				GCC_NO_COMMON_BLOCKS = YES;
				GCC_OPTIMIZATION_LEVEL = 0;
				GCC_PREPROCESSOR_DEFINITIONS = (
					"DEBUG=1",
					"$(inherited)",
				);
				GCC_WARN_64_TO_32_BIT_CONVERSION = YES;
				GCC_WARN_ABOUT_RETURN_TYPE = YES_ERROR;
				GCC_WARN_UNDECLARED_SELECTOR = YES;
				GCC_WARN_UNINITIALIZED_AUTOS = YES_AGGRESSIVE;
				GCC_WARN_UNUSED_FUNCTION = YES;
				GCC_WARN_UNUSED_VARIABLE = YES;
				IPHONEOS_DEPLOYMENT_TARGET = 16.4;
				MTL_ENABLE_DEBUG_INFO = INCLUDE_SOURCE;
				MTL_FAST_MATH = YES;
				ONLY_ACTIVE_ARCH = YES;
				SDKROOT = iphoneos;
				SWIFT_ACTIVE_COMPILATION_CONDITIONS = DEBUG;
				SWIFT_OPTIMIZATION_LEVEL = "-Onone";
			};
			name = Debug;
		};
		D8D919782A48E6910067DBDC /* Release */ = {
			isa = XCBuildConfiguration;
			buildSettings = {
				ALWAYS_SEARCH_USER_PATHS = NO;
				CLANG_ANALYZER_NONNULL = YES;
				CLANG_ANALYZER_NUMBER_OBJECT_CONVERSION = YES_AGGRESSIVE;
				CLANG_CXX_LANGUAGE_STANDARD = "gnu++20";
				CLANG_ENABLE_MODULES = YES;
				CLANG_ENABLE_OBJC_ARC = YES;
				CLANG_ENABLE_OBJC_WEAK = YES;
				CLANG_WARN_BLOCK_CAPTURE_AUTORELEASING = YES;
				CLANG_WARN_BOOL_CONVERSION = YES;
				CLANG_WARN_COMMA = YES;
				CLANG_WARN_CONSTANT_CONVERSION = YES;
				CLANG_WARN_DEPRECATED_OBJC_IMPLEMENTATIONS = YES;
				CLANG_WARN_DIRECT_OBJC_ISA_USAGE = YES_ERROR;
				CLANG_WARN_DOCUMENTATION_COMMENTS = YES;
				CLANG_WARN_EMPTY_BODY = YES;
				CLANG_WARN_ENUM_CONVERSION = YES;
				CLANG_WARN_INFINITE_RECURSION = YES;
				CLANG_WARN_INT_CONVERSION = YES;
				CLANG_WARN_NON_LITERAL_NULL_CONVERSION = YES;
				CLANG_WARN_OBJC_IMPLICIT_RETAIN_SELF = YES;
				CLANG_WARN_OBJC_LITERAL_CONVERSION = YES;
				CLANG_WARN_OBJC_ROOT_CLASS = YES_ERROR;
				CLANG_WARN_QUOTED_INCLUDE_IN_FRAMEWORK_HEADER = YES;
				CLANG_WARN_RANGE_LOOP_ANALYSIS = YES;
				CLANG_WARN_STRICT_PROTOTYPES = YES;
				CLANG_WARN_SUSPICIOUS_MOVE = YES;
				CLANG_WARN_UNGUARDED_AVAILABILITY = YES_AGGRESSIVE;
				CLANG_WARN_UNREACHABLE_CODE = YES;
				CLANG_WARN__DUPLICATE_METHOD_MATCH = YES;
				COPY_PHASE_STRIP = NO;
				DEBUG_INFORMATION_FORMAT = "dwarf-with-dsym";
				ENABLE_NS_ASSERTIONS = NO;
				ENABLE_STRICT_OBJC_MSGSEND = YES;
				GCC_C_LANGUAGE_STANDARD = gnu11;
				GCC_NO_COMMON_BLOCKS = YES;
				GCC_WARN_64_TO_32_BIT_CONVERSION = YES;
				GCC_WARN_ABOUT_RETURN_TYPE = YES_ERROR;
				GCC_WARN_UNDECLARED_SELECTOR = YES;
				GCC_WARN_UNINITIALIZED_AUTOS = YES_AGGRESSIVE;
				GCC_WARN_UNUSED_FUNCTION = YES;
				GCC_WARN_UNUSED_VARIABLE = YES;
				IPHONEOS_DEPLOYMENT_TARGET = 16.4;
				MTL_ENABLE_DEBUG_INFO = NO;
				MTL_FAST_MATH = YES;
				SDKROOT = iphoneos;
				SWIFT_COMPILATION_MODE = wholemodule;
				SWIFT_OPTIMIZATION_LEVEL = "-O";
				VALIDATE_PRODUCT = YES;
			};
			name = Release;
		};
		D8D9197A2A48E6910067DBDC /* Debug */ = {
			isa = XCBuildConfiguration;
			buildSettings = {
				ASSETCATALOG_COMPILER_APPICON_NAME = AppIcon;
				ASSETCATALOG_COMPILER_GLOBAL_ACCENT_COLOR_NAME = AccentColor;
				CODE_SIGN_STYLE = Automatic;
				CURRENT_PROJECT_VERSION = 1;
				DEVELOPMENT_ASSET_PATHS = "\"UltimateTTT/Preview Content\"";
				DEVELOPMENT_TEAM = 9MZKF3V7G9;
				ENABLE_PREVIEWS = YES;
				GENERATE_INFOPLIST_FILE = YES;
				INFOPLIST_KEY_UIApplicationSceneManifest_Generation = YES;
				INFOPLIST_KEY_UIApplicationSupportsIndirectInputEvents = YES;
				INFOPLIST_KEY_UILaunchScreen_Generation = YES;
				INFOPLIST_KEY_UISupportedInterfaceOrientations_iPad = "UIInterfaceOrientationPortrait UIInterfaceOrientationPortraitUpsideDown UIInterfaceOrientationLandscapeLeft UIInterfaceOrientationLandscapeRight";
				INFOPLIST_KEY_UISupportedInterfaceOrientations_iPhone = "UIInterfaceOrientationPortrait UIInterfaceOrientationLandscapeLeft UIInterfaceOrientationLandscapeRight";
				LD_RUNPATH_SEARCH_PATHS = (
					"$(inherited)",
					"@executable_path/Frameworks",
				);
				MARKETING_VERSION = 1.0;
				PRODUCT_BUNDLE_IDENTIFIER = com.ducling.UltimateTTT;
				PRODUCT_NAME = "$(TARGET_NAME)";
				SWIFT_EMIT_LOC_STRINGS = YES;
				SWIFT_VERSION = 5.0;
				TARGETED_DEVICE_FAMILY = "1,2";
			};
			name = Debug;
		};
		D8D9197B2A48E6910067DBDC /* Release */ = {
			isa = XCBuildConfiguration;
			buildSettings = {
				ASSETCATALOG_COMPILER_APPICON_NAME = AppIcon;
				ASSETCATALOG_COMPILER_GLOBAL_ACCENT_COLOR_NAME = AccentColor;
				CODE_SIGN_STYLE = Automatic;
				CURRENT_PROJECT_VERSION = 1;
				DEVELOPMENT_ASSET_PATHS = "\"UltimateTTT/Preview Content\"";
				DEVELOPMENT_TEAM = 9MZKF3V7G9;
				ENABLE_PREVIEWS = YES;
				GENERATE_INFOPLIST_FILE = YES;
				INFOPLIST_KEY_UIApplicationSceneManifest_Generation = YES;
				INFOPLIST_KEY_UIApplicationSupportsIndirectInputEvents = YES;
				INFOPLIST_KEY_UILaunchScreen_Generation = YES;
				INFOPLIST_KEY_UISupportedInterfaceOrientations_iPad = "UIInterfaceOrientationPortrait UIInterfaceOrientationPortraitUpsideDown UIInterfaceOrientationLandscapeLeft UIInterfaceOrientationLandscapeRight";
				INFOPLIST_KEY_UISupportedInterfaceOrientations_iPhone = "UIInterfaceOrientationPortrait UIInterfaceOrientationLandscapeLeft UIInterfaceOrientationLandscapeRight";
				LD_RUNPATH_SEARCH_PATHS = (
					"$(inherited)",
					"@executable_path/Frameworks",
				);
				MARKETING_VERSION = 1.0;
				PRODUCT_BUNDLE_IDENTIFIER = com.ducling.UltimateTTT;
				PRODUCT_NAME = "$(TARGET_NAME)";
				SWIFT_EMIT_LOC_STRINGS = YES;
				SWIFT_VERSION = 5.0;
				TARGETED_DEVICE_FAMILY = "1,2";
			};
			name = Release;
		};
/* End XCBuildConfiguration section */

/* Begin XCConfigurationList section */
		D8D919662A48E68F0067DBDC /* Build configuration list for PBXProject "UltimateTTT" */ = {
			isa = XCConfigurationList;
			buildConfigurations = (
				D8D919772A48E6910067DBDC /* Debug */,
				D8D919782A48E6910067DBDC /* Release */,
			);
			defaultConfigurationIsVisible = 0;
			defaultConfigurationName = Release;
		};
		D8D919792A48E6910067DBDC /* Build configuration list for PBXNativeTarget "UltimateTTT" */ = {
			isa = XCConfigurationList;
			buildConfigurations = (
				D8D9197A2A48E6910067DBDC /* Debug */,
				D8D9197B2A48E6910067DBDC /* Release */,
			);
			defaultConfigurationIsVisible = 0;
			defaultConfigurationName = Release;
		};
/* End XCConfigurationList section */
	};
	rootObject = D8D919632A48E68F0067DBDC /* Project object */;
}
